// !$*UTF8*$!
{
	archiveVersion = 1;
	classes = {
	};
	objectVersion = 46;
	objects = {

/* Begin PBXBuildFile section */
		4A4BE69336A327D995848010 /* Pods_Eureka_FormTests.framework in Frameworks */ = {isa = PBXBuildFile; fileRef = AAB06429D2463042CEE17D6E /* Pods_Eureka_FormTests.framework */; };
		5E31943E3162DE918394697D /* Pods_Eureka_FormUITests.framework in Frameworks */ = {isa = PBXBuildFile; fileRef = E9BA1D4F69814C256836B459 /* Pods_Eureka_FormUITests.framework */; };
		A2C0893A1DDEBF1F00E82F58 /* AppDelegate.swift in Sources */ = {isa = PBXBuildFile; fileRef = A2C089391DDEBF1F00E82F58 /* AppDelegate.swift */; };
		A2C0893C1DDEBF1F00E82F58 /* ViewController.swift in Sources */ = {isa = PBXBuildFile; fileRef = A2C0893B1DDEBF1F00E82F58 /* ViewController.swift */; };
		A2C0893F1DDEBF1F00E82F58 /* Main.storyboard in Resources */ = {isa = PBXBuildFile; fileRef = A2C0893D1DDEBF1F00E82F58 /* Main.storyboard */; };
		A2C089411DDEBF1F00E82F58 /* Assets.xcassets in Resources */ = {isa = PBXBuildFile; fileRef = A2C089401DDEBF1F00E82F58 /* Assets.xcassets */; };
		A2C089441DDEBF1F00E82F58 /* LaunchScreen.storyboard in Resources */ = {isa = PBXBuildFile; fileRef = A2C089421DDEBF1F00E82F58 /* LaunchScreen.storyboard */; };
		A2C0894F1DDEBF1F00E82F58 /* Eureka_FormTests.swift in Sources */ = {isa = PBXBuildFile; fileRef = A2C0894E1DDEBF1F00E82F58 /* Eureka_FormTests.swift */; };
		A2C0895A1DDEBF1F00E82F58 /* Eureka_FormUITests.swift in Sources */ = {isa = PBXBuildFile; fileRef = A2C089591DDEBF1F00E82F58 /* Eureka_FormUITests.swift */; };
		A2C089681DDEC0DF00E82F58 /* SignUpFormViewController.swift in Sources */ = {isa = PBXBuildFile; fileRef = A2C089671DDEC0DF00E82F58 /* SignUpFormViewController.swift */; };
		A2C089711DDEE4D200E82F58 /* CustomCells.swift in Sources */ = {isa = PBXBuildFile; fileRef = A2C0896A1DDEE4D200E82F58 /* CustomCells.swift */; };
		A2C089721DDEE4D200E82F58 /* ImagePickerController.swift in Sources */ = {isa = PBXBuildFile; fileRef = A2C0896D1DDEE4D200E82F58 /* ImagePickerController.swift */; };
		A2C089731DDEE4D200E82F58 /* ImageRow.swift in Sources */ = {isa = PBXBuildFile; fileRef = A2C0896E1DDEE4D200E82F58 /* ImageRow.swift */; };
		A2C089741DDEE4D200E82F58 /* FloatLabelTextField.swift in Sources */ = {isa = PBXBuildFile; fileRef = A2C089701DDEE4D200E82F58 /* FloatLabelTextField.swift */; };
		C75E81303A87965C5383E44F /* Pods_Eureka_Form.framework in Frameworks */ = {isa = PBXBuildFile; fileRef = A583DC0EE43DC7022CFEFB88 /* Pods_Eureka_Form.framework */; };
/* End PBXBuildFile section */

/* Begin PBXContainerItemProxy section */
		A2C0894B1DDEBF1F00E82F58 /* PBXContainerItemProxy */ = {
			isa = PBXContainerItemProxy;
			containerPortal = A2C0892E1DDEBF1F00E82F58 /* Project object */;
			proxyType = 1;
			remoteGlobalIDString = A2C089351DDEBF1F00E82F58;
			remoteInfo = "Eureka Form";
		};
		A2C089561DDEBF1F00E82F58 /* PBXContainerItemProxy */ = {
			isa = PBXContainerItemProxy;
			containerPortal = A2C0892E1DDEBF1F00E82F58 /* Project object */;
			proxyType = 1;
			remoteGlobalIDString = A2C089351DDEBF1F00E82F58;
			remoteInfo = "Eureka Form";
		};
/* End PBXContainerItemProxy section */

/* Begin PBXFileReference section */
		13AAA77E68B5356B16AEF773 /* Pods-Eureka FormTests.release.xcconfig */ = {isa = PBXFileReference; includeInIndex = 1; lastKnownFileType = text.xcconfig; name = "Pods-Eureka FormTests.release.xcconfig"; path = "Pods/Target Support Files/Pods-Eureka FormTests/Pods-Eureka FormTests.release.xcconfig"; sourceTree = "<group>"; };
		990895A68EE462DE8E4D58C6 /* Pods-Eureka FormUITests.debug.xcconfig */ = {isa = PBXFileReference; includeInIndex = 1; lastKnownFileType = text.xcconfig; name = "Pods-Eureka FormUITests.debug.xcconfig"; path = "Pods/Target Support Files/Pods-Eureka FormUITests/Pods-Eureka FormUITests.debug.xcconfig"; sourceTree = "<group>"; };
		A2C089361DDEBF1F00E82F58 /* Eureka Form.app */ = {isa = PBXFileReference; explicitFileType = wrapper.application; includeInIndex = 0; path = "Eureka Form.app"; sourceTree = BUILT_PRODUCTS_DIR; };
		A2C089391DDEBF1F00E82F58 /* AppDelegate.swift */ = {isa = PBXFileReference; lastKnownFileType = sourcecode.swift; path = AppDelegate.swift; sourceTree = "<group>"; };
		A2C0893B1DDEBF1F00E82F58 /* ViewController.swift */ = {isa = PBXFileReference; lastKnownFileType = sourcecode.swift; path = ViewController.swift; sourceTree = "<group>"; };
		A2C0893E1DDEBF1F00E82F58 /* Base */ = {isa = PBXFileReference; lastKnownFileType = file.storyboard; name = Base; path = Base.lproj/Main.storyboard; sourceTree = "<group>"; };
		A2C089401DDEBF1F00E82F58 /* Assets.xcassets */ = {isa = PBXFileReference; lastKnownFileType = folder.assetcatalog; path = Assets.xcassets; sourceTree = "<group>"; };
		A2C089431DDEBF1F00E82F58 /* Base */ = {isa = PBXFileReference; lastKnownFileType = file.storyboard; name = Base; path = Base.lproj/LaunchScreen.storyboard; sourceTree = "<group>"; };
		A2C089451DDEBF1F00E82F58 /* Info.plist */ = {isa = PBXFileReference; lastKnownFileType = text.plist.xml; path = Info.plist; sourceTree = "<group>"; };
		A2C0894A1DDEBF1F00E82F58 /* Eureka FormTests.xctest */ = {isa = PBXFileReference; explicitFileType = wrapper.cfbundle; includeInIndex = 0; path = "Eureka FormTests.xctest"; sourceTree = BUILT_PRODUCTS_DIR; };
		A2C0894E1DDEBF1F00E82F58 /* Eureka_FormTests.swift */ = {isa = PBXFileReference; lastKnownFileType = sourcecode.swift; path = Eureka_FormTests.swift; sourceTree = "<group>"; };
		A2C089501DDEBF1F00E82F58 /* Info.plist */ = {isa = PBXFileReference; lastKnownFileType = text.plist.xml; path = Info.plist; sourceTree = "<group>"; };
		A2C089551DDEBF1F00E82F58 /* Eureka FormUITests.xctest */ = {isa = PBXFileReference; explicitFileType = wrapper.cfbundle; includeInIndex = 0; path = "Eureka FormUITests.xctest"; sourceTree = BUILT_PRODUCTS_DIR; };
		A2C089591DDEBF1F00E82F58 /* Eureka_FormUITests.swift */ = {isa = PBXFileReference; lastKnownFileType = sourcecode.swift; path = Eureka_FormUITests.swift; sourceTree = "<group>"; };
		A2C0895B1DDEBF1F00E82F58 /* Info.plist */ = {isa = PBXFileReference; lastKnownFileType = text.plist.xml; path = Info.plist; sourceTree = "<group>"; };
		A2C089671DDEC0DF00E82F58 /* SignUpFormViewController.swift */ = {isa = PBXFileReference; fileEncoding = 4; lastKnownFileType = sourcecode.swift; path = SignUpFormViewController.swift; sourceTree = "<group>"; };
		A2C0896A1DDEE4D200E82F58 /* CustomCells.swift */ = {isa = PBXFileReference; fileEncoding = 4; lastKnownFileType = sourcecode.swift; path = CustomCells.swift; sourceTree = "<group>"; };
		A2C0896D1DDEE4D200E82F58 /* ImagePickerController.swift */ = {isa = PBXFileReference; fileEncoding = 4; lastKnownFileType = sourcecode.swift; path = ImagePickerController.swift; sourceTree = "<group>"; };
		A2C0896E1DDEE4D200E82F58 /* ImageRow.swift */ = {isa = PBXFileReference; fileEncoding = 4; lastKnownFileType = sourcecode.swift; path = ImageRow.swift; sourceTree = "<group>"; };
		A2C089701DDEE4D200E82F58 /* FloatLabelTextField.swift */ = {isa = PBXFileReference; fileEncoding = 4; lastKnownFileType = sourcecode.swift; path = FloatLabelTextField.swift; sourceTree = "<group>"; };
		A49A021FD88F592BCD647348 /* Pods-Eureka FormUITests.release.xcconfig */ = {isa = PBXFileReference; includeInIndex = 1; lastKnownFileType = text.xcconfig; name = "Pods-Eureka FormUITests.release.xcconfig"; path = "Pods/Target Support Files/Pods-Eureka FormUITests/Pods-Eureka FormUITests.release.xcconfig"; sourceTree = "<group>"; };
		A583DC0EE43DC7022CFEFB88 /* Pods_Eureka_Form.framework */ = {isa = PBXFileReference; explicitFileType = wrapper.framework; includeInIndex = 0; path = Pods_Eureka_Form.framework; sourceTree = BUILT_PRODUCTS_DIR; };
		AAB06429D2463042CEE17D6E /* Pods_Eureka_FormTests.framework */ = {isa = PBXFileReference; explicitFileType = wrapper.framework; includeInIndex = 0; path = Pods_Eureka_FormTests.framework; sourceTree = BUILT_PRODUCTS_DIR; };
		AD524A6002EC12D5EDB073E1 /* Pods-Eureka Form.debug.xcconfig */ = {isa = PBXFileReference; includeInIndex = 1; lastKnownFileType = text.xcconfig; name = "Pods-Eureka Form.debug.xcconfig"; path = "Pods/Target Support Files/Pods-Eureka Form/Pods-Eureka Form.debug.xcconfig"; sourceTree = "<group>"; };
		B3ABAA3F380403F6F63E4E27 /* Pods-Eureka FormTests.debug.xcconfig */ = {isa = PBXFileReference; includeInIndex = 1; lastKnownFileType = text.xcconfig; name = "Pods-Eureka FormTests.debug.xcconfig"; path = "Pods/Target Support Files/Pods-Eureka FormTests/Pods-Eureka FormTests.debug.xcconfig"; sourceTree = "<group>"; };
		DFA52028FE6CD82041577FE1 /* Pods-Eureka Form.release.xcconfig */ = {isa = PBXFileReference; includeInIndex = 1; lastKnownFileType = text.xcconfig; name = "Pods-Eureka Form.release.xcconfig"; path = "Pods/Target Support Files/Pods-Eureka Form/Pods-Eureka Form.release.xcconfig"; sourceTree = "<group>"; };
		E9BA1D4F69814C256836B459 /* Pods_Eureka_FormUITests.framework */ = {isa = PBXFileReference; explicitFileType = wrapper.framework; includeInIndex = 0; path = Pods_Eureka_FormUITests.framework; sourceTree = BUILT_PRODUCTS_DIR; };
/* End PBXFileReference section */

/* Begin PBXFrameworksBuildPhase section */
		A2C089331DDEBF1F00E82F58 /* Frameworks */ = {
			isa = PBXFrameworksBuildPhase;
			buildActionMask = 2147483647;
			files = (
				C75E81303A87965C5383E44F /* Pods_Eureka_Form.framework in Frameworks */,
			);
			runOnlyForDeploymentPostprocessing = 0;
		};
		A2C089471DDEBF1F00E82F58 /* Frameworks */ = {
			isa = PBXFrameworksBuildPhase;
			buildActionMask = 2147483647;
			files = (
				4A4BE69336A327D995848010 /* Pods_Eureka_FormTests.framework in Frameworks */,
			);
			runOnlyForDeploymentPostprocessing = 0;
		};
		A2C089521DDEBF1F00E82F58 /* Frameworks */ = {
			isa = PBXFrameworksBuildPhase;
			buildActionMask = 2147483647;
			files = (
				5E31943E3162DE918394697D /* Pods_Eureka_FormUITests.framework in Frameworks */,
			);
			runOnlyForDeploymentPostprocessing = 0;
		};
/* End PBXFrameworksBuildPhase section */

/* Begin PBXGroup section */
		53A8FEB7314309866449ECDB /* Frameworks */ = {
			isa = PBXGroup;
			children = (
				A583DC0EE43DC7022CFEFB88 /* Pods_Eureka_Form.framework */,
				AAB06429D2463042CEE17D6E /* Pods_Eureka_FormTests.framework */,
				E9BA1D4F69814C256836B459 /* Pods_Eureka_FormUITests.framework */,
			);
			name = Frameworks;
			sourceTree = "<group>";
		};
		703DE0E3B14C5FBCFE7D7332 /* Pods */ = {
			isa = PBXGroup;
			children = (
				AD524A6002EC12D5EDB073E1 /* Pods-Eureka Form.debug.xcconfig */,
				DFA52028FE6CD82041577FE1 /* Pods-Eureka Form.release.xcconfig */,
				B3ABAA3F380403F6F63E4E27 /* Pods-Eureka FormTests.debug.xcconfig */,
				13AAA77E68B5356B16AEF773 /* Pods-Eureka FormTests.release.xcconfig */,
				990895A68EE462DE8E4D58C6 /* Pods-Eureka FormUITests.debug.xcconfig */,
				A49A021FD88F592BCD647348 /* Pods-Eureka FormUITests.release.xcconfig */,
			);
			name = Pods;
			sourceTree = "<group>";
		};
		A2C0892D1DDEBF1F00E82F58 = {
			isa = PBXGroup;
			children = (
				A2C089381DDEBF1F00E82F58 /* Eureka Form */,
				A2C0894D1DDEBF1F00E82F58 /* Eureka FormTests */,
				A2C089581DDEBF1F00E82F58 /* Eureka FormUITests */,
				A2C089371DDEBF1F00E82F58 /* Products */,
				703DE0E3B14C5FBCFE7D7332 /* Pods */,
				53A8FEB7314309866449ECDB /* Frameworks */,
			);
			sourceTree = "<group>";
		};
		A2C089371DDEBF1F00E82F58 /* Products */ = {
			isa = PBXGroup;
			children = (
				A2C089361DDEBF1F00E82F58 /* Eureka Form.app */,
				A2C0894A1DDEBF1F00E82F58 /* Eureka FormTests.xctest */,
				A2C089551DDEBF1F00E82F58 /* Eureka FormUITests.xctest */,
			);
			name = Products;
			sourceTree = "<group>";
		};
		A2C089381DDEBF1F00E82F58 /* Eureka Form */ = {
			isa = PBXGroup;
			children = (
				A2C089691DDEE45500E82F58 /* Resource */,
				A2C089391DDEBF1F00E82F58 /* AppDelegate.swift */,
				A2C0893B1DDEBF1F00E82F58 /* ViewController.swift */,
				A2C0893D1DDEBF1F00E82F58 /* Main.storyboard */,
				A2C089401DDEBF1F00E82F58 /* Assets.xcassets */,
				A2C089421DDEBF1F00E82F58 /* LaunchScreen.storyboard */,
				A2C089451DDEBF1F00E82F58 /* Info.plist */,
				A2C089671DDEC0DF00E82F58 /* SignUpFormViewController.swift */,
			);
			path = "Eureka Form";
			sourceTree = "<group>";
		};
		A2C0894D1DDEBF1F00E82F58 /* Eureka FormTests */ = {
			isa = PBXGroup;
			children = (
				A2C0894E1DDEBF1F00E82F58 /* Eureka_FormTests.swift */,
				A2C089501DDEBF1F00E82F58 /* Info.plist */,
			);
			path = "Eureka FormTests";
			sourceTree = "<group>";
		};
		A2C089581DDEBF1F00E82F58 /* Eureka FormUITests */ = {
			isa = PBXGroup;
			children = (
				A2C089591DDEBF1F00E82F58 /* Eureka_FormUITests.swift */,
				A2C0895B1DDEBF1F00E82F58 /* Info.plist */,
			);
			path = "Eureka FormUITests";
			sourceTree = "<group>";
		};
		A2C089691DDEE45500E82F58 /* Resource */ = {
			isa = PBXGroup;
			children = (
				A2C0896A1DDEE4D200E82F58 /* CustomCells.swift */,
				A2C0896B1DDEE4D200E82F58 /* CustomRows */,
				A2C0896F1DDEE4D200E82F58 /* Helpers */,
			);
			name = Resource;
			sourceTree = "<group>";
		};
		A2C0896B1DDEE4D200E82F58 /* CustomRows */ = {
			isa = PBXGroup;
			children = (
				A2C0896C1DDEE4D200E82F58 /* ImageRow */,
			);
			path = CustomRows;
			sourceTree = "<group>";
		};
		A2C0896C1DDEE4D200E82F58 /* ImageRow */ = {
			isa = PBXGroup;
			children = (
				A2C0896D1DDEE4D200E82F58 /* ImagePickerController.swift */,
				A2C0896E1DDEE4D200E82F58 /* ImageRow.swift */,
			);
			path = ImageRow;
			sourceTree = "<group>";
		};
		A2C0896F1DDEE4D200E82F58 /* Helpers */ = {
			isa = PBXGroup;
			children = (
				A2C089701DDEE4D200E82F58 /* FloatLabelTextField.swift */,
			);
			path = Helpers;
			sourceTree = "<group>";
		};
/* End PBXGroup section */

/* Begin PBXNativeTarget section */
		A2C089351DDEBF1F00E82F58 /* Eureka Form */ = {
			isa = PBXNativeTarget;
			buildConfigurationList = A2C0895E1DDEBF1F00E82F58 /* Build configuration list for PBXNativeTarget "Eureka Form" */;
			buildPhases = (
				682AF61A7C6444485F94B6B0 /* [CP] Check Pods Manifest.lock */,
				A2C089321DDEBF1F00E82F58 /* Sources */,
				A2C089331DDEBF1F00E82F58 /* Frameworks */,
				A2C089341DDEBF1F00E82F58 /* Resources */,
				1A5EE4408E60B4C5464D170F /* [CP] Embed Pods Frameworks */,
				0A2EDF1387C5C23AEA16A4B2 /* [CP] Copy Pods Resources */,
			);
			buildRules = (
			);
			dependencies = (
			);
			name = "Eureka Form";
			productName = "Eureka Form";
			productReference = A2C089361DDEBF1F00E82F58 /* Eureka Form.app */;
			productType = "com.apple.product-type.application";
		};
		A2C089491DDEBF1F00E82F58 /* Eureka FormTests */ = {
			isa = PBXNativeTarget;
			buildConfigurationList = A2C089611DDEBF1F00E82F58 /* Build configuration list for PBXNativeTarget "Eureka FormTests" */;
			buildPhases = (
				2C299CEFA876DFEE91039D0B /* [CP] Check Pods Manifest.lock */,
				A2C089461DDEBF1F00E82F58 /* Sources */,
				A2C089471DDEBF1F00E82F58 /* Frameworks */,
				A2C089481DDEBF1F00E82F58 /* Resources */,
				2259622D493F3E4D37829F57 /* [CP] Embed Pods Frameworks */,
				16F6F28B1063A2E377B747DA /* [CP] Copy Pods Resources */,
			);
			buildRules = (
			);
			dependencies = (
				A2C0894C1DDEBF1F00E82F58 /* PBXTargetDependency */,
			);
			name = "Eureka FormTests";
			productName = "Eureka FormTests";
			productReference = A2C0894A1DDEBF1F00E82F58 /* Eureka FormTests.xctest */;
			productType = "com.apple.product-type.bundle.unit-test";
		};
		A2C089541DDEBF1F00E82F58 /* Eureka FormUITests */ = {
			isa = PBXNativeTarget;
			buildConfigurationList = A2C089641DDEBF1F00E82F58 /* Build configuration list for PBXNativeTarget "Eureka FormUITests" */;
			buildPhases = (
				0A502DBF4BCF15B6F3D95C0F /* [CP] Check Pods Manifest.lock */,
				A2C089511DDEBF1F00E82F58 /* Sources */,
				A2C089521DDEBF1F00E82F58 /* Frameworks */,
				A2C089531DDEBF1F00E82F58 /* Resources */,
				A6B8C402FDB05AD3B69C4318 /* [CP] Embed Pods Frameworks */,
				FCC7F268C878373F2DE911E4 /* [CP] Copy Pods Resources */,
			);
			buildRules = (
			);
			dependencies = (
				A2C089571DDEBF1F00E82F58 /* PBXTargetDependency */,
			);
			name = "Eureka FormUITests";
			productName = "Eureka FormUITests";
			productReference = A2C089551DDEBF1F00E82F58 /* Eureka FormUITests.xctest */;
			productType = "com.apple.product-type.bundle.ui-testing";
		};
/* End PBXNativeTarget section */

/* Begin PBXProject section */
		A2C0892E1DDEBF1F00E82F58 /* Project object */ = {
			isa = PBXProject;
			attributes = {
				LastSwiftUpdateCheck = 0810;
				LastUpgradeCheck = 0810;
				ORGANIZATIONNAME = JohnP;
				TargetAttributes = {
					A2C089351DDEBF1F00E82F58 = {
						CreatedOnToolsVersion = 8.1;
						DevelopmentTeam = PD6SC6JGLV;
						ProvisioningStyle = Automatic;
					};
					A2C089491DDEBF1F00E82F58 = {
						CreatedOnToolsVersion = 8.1;
						ProvisioningStyle = Automatic;
						TestTargetID = A2C089351DDEBF1F00E82F58;
					};
					A2C089541DDEBF1F00E82F58 = {
						CreatedOnToolsVersion = 8.1;
						ProvisioningStyle = Automatic;
						TestTargetID = A2C089351DDEBF1F00E82F58;
					};
				};
			};
			buildConfigurationList = A2C089311DDEBF1F00E82F58 /* Build configuration list for PBXProject "Eureka Form" */;
			compatibilityVersion = "Xcode 3.2";
			developmentRegion = English;
			hasScannedForEncodings = 0;
			knownRegions = (
				en,
				Base,
			);
			mainGroup = A2C0892D1DDEBF1F00E82F58;
			productRefGroup = A2C089371DDEBF1F00E82F58 /* Products */;
			projectDirPath = "";
			projectRoot = "";
			targets = (
				A2C089351DDEBF1F00E82F58 /* Eureka Form */,
				A2C089491DDEBF1F00E82F58 /* Eureka FormTests */,
				A2C089541DDEBF1F00E82F58 /* Eureka FormUITests */,
			);
		};
/* End PBXProject section */

/* Begin PBXResourcesBuildPhase section */
		A2C089341DDEBF1F00E82F58 /* Resources */ = {
			isa = PBXResourcesBuildPhase;
			buildActionMask = 2147483647;
			files = (
				A2C089441DDEBF1F00E82F58 /* LaunchScreen.storyboard in Resources */,
				A2C089411DDEBF1F00E82F58 /* Assets.xcassets in Resources */,
				A2C0893F1DDEBF1F00E82F58 /* Main.storyboard in Resources */,
			);
			runOnlyForDeploymentPostprocessing = 0;
		};
		A2C089481DDEBF1F00E82F58 /* Resources */ = {
			isa = PBXResourcesBuildPhase;
			buildActionMask = 2147483647;
			files = (
			);
			runOnlyForDeploymentPostprocessing = 0;
		};
		A2C089531DDEBF1F00E82F58 /* Resources */ = {
			isa = PBXResourcesBuildPhase;
			buildActionMask = 2147483647;
			files = (
			);
			runOnlyForDeploymentPostprocessing = 0;
		};
/* End PBXResourcesBuildPhase section */

/* Begin PBXShellScriptBuildPhase section */
		0A2EDF1387C5C23AEA16A4B2 /* [CP] Copy Pods Resources */ = {
			isa = PBXShellScriptBuildPhase;
			buildActionMask = 2147483647;
			files = (
			);
			inputPaths = (
			);
			name = "[CP] Copy Pods Resources";
			outputPaths = (
			);
			runOnlyForDeploymentPostprocessing = 0;
			shellPath = /bin/sh;
			shellScript = "\"${SRCROOT}/Pods/Target Support Files/Pods-Eureka Form/Pods-Eureka Form-resources.sh\"\n";
			showEnvVarsInLog = 0;
		};
		0A502DBF4BCF15B6F3D95C0F /* [CP] Check Pods Manifest.lock */ = {
			isa = PBXShellScriptBuildPhase;
			buildActionMask = 2147483647;
			files = (
			);
			inputPaths = (
			);
			name = "[CP] Check Pods Manifest.lock";
			outputPaths = (
			);
			runOnlyForDeploymentPostprocessing = 0;
			shellPath = /bin/sh;
			shellScript = "diff \"${PODS_ROOT}/../Podfile.lock\" \"${PODS_ROOT}/Manifest.lock\" > /dev/null\nif [ $? != 0 ] ; then\n    # print error to STDERR\n    echo \"error: The sandbox is not in sync with the Podfile.lock. Run 'pod install' or update your CocoaPods installation.\" >&2\n    exit 1\nfi\n";
			showEnvVarsInLog = 0;
		};
		16F6F28B1063A2E377B747DA /* [CP] Copy Pods Resources */ = {
			isa = PBXShellScriptBuildPhase;
			buildActionMask = 2147483647;
			files = (
			);
			inputPaths = (
			);
			name = "[CP] Copy Pods Resources";
			outputPaths = (
			);
			runOnlyForDeploymentPostprocessing = 0;
			shellPath = /bin/sh;
			shellScript = "\"${SRCROOT}/Pods/Target Support Files/Pods-Eureka FormTests/Pods-Eureka FormTests-resources.sh\"\n";
			showEnvVarsInLog = 0;
		};
		1A5EE4408E60B4C5464D170F /* [CP] Embed Pods Frameworks */ = {
			isa = PBXShellScriptBuildPhase;
			buildActionMask = 2147483647;
			files = (
			);
			inputPaths = (
			);
			name = "[CP] Embed Pods Frameworks";
			outputPaths = (
			);
			runOnlyForDeploymentPostprocessing = 0;
			shellPath = /bin/sh;
			shellScript = "\"${SRCROOT}/Pods/Target Support Files/Pods-Eureka Form/Pods-Eureka Form-frameworks.sh\"\n";
			showEnvVarsInLog = 0;
		};
		2259622D493F3E4D37829F57 /* [CP] Embed Pods Frameworks */ = {
			isa = PBXShellScriptBuildPhase;
			buildActionMask = 2147483647;
			files = (
			);
			inputPaths = (
			);
			name = "[CP] Embed Pods Frameworks";
			outputPaths = (
			);
			runOnlyForDeploymentPostprocessing = 0;
			shellPath = /bin/sh;
			shellScript = "\"${SRCROOT}/Pods/Target Support Files/Pods-Eureka FormTests/Pods-Eureka FormTests-frameworks.sh\"\n";
			showEnvVarsInLog = 0;
		};
		2C299CEFA876DFEE91039D0B /* [CP] Check Pods Manifest.lock */ = {
			isa = PBXShellScriptBuildPhase;
			buildActionMask = 2147483647;
			files = (
			);
			inputPaths = (
			);
			name = "[CP] Check Pods Manifest.lock";
			outputPaths = (
			);
			runOnlyForDeploymentPostprocessing = 0;
			shellPath = /bin/sh;
			shellScript = "diff \"${PODS_ROOT}/../Podfile.lock\" \"${PODS_ROOT}/Manifest.lock\" > /dev/null\nif [ $? != 0 ] ; then\n    # print error to STDERR\n    echo \"error: The sandbox is not in sync with the Podfile.lock. Run 'pod install' or update your CocoaPods installation.\" >&2\n    exit 1\nfi\n";
			showEnvVarsInLog = 0;
		};
		682AF61A7C6444485F94B6B0 /* [CP] Check Pods Manifest.lock */ = {
			isa = PBXShellScriptBuildPhase;
			buildActionMask = 2147483647;
			files = (
			);
			inputPaths = (
			);
			name = "[CP] Check Pods Manifest.lock";
			outputPaths = (
			);
			runOnlyForDeploymentPostprocessing = 0;
			shellPath = /bin/sh;
			shellScript = "diff \"${PODS_ROOT}/../Podfile.lock\" \"${PODS_ROOT}/Manifest.lock\" > /dev/null\nif [ $? != 0 ] ; then\n    # print error to STDERR\n    echo \"error: The sandbox is not in sync with the Podfile.lock. Run 'pod install' or update your CocoaPods installation.\" >&2\n    exit 1\nfi\n";
			showEnvVarsInLog = 0;
		};
		A6B8C402FDB05AD3B69C4318 /* [CP] Embed Pods Frameworks */ = {
			isa = PBXShellScriptBuildPhase;
			buildActionMask = 2147483647;
			files = (
			);
			inputPaths = (
			);
			name = "[CP] Embed Pods Frameworks";
			outputPaths = (
			);
			runOnlyForDeploymentPostprocessing = 0;
			shellPath = /bin/sh;
			shellScript = "\"${SRCROOT}/Pods/Target Support Files/Pods-Eureka FormUITests/Pods-Eureka FormUITests-frameworks.sh\"\n";
			showEnvVarsInLog = 0;
		};
		FCC7F268C878373F2DE911E4 /* [CP] Copy Pods Resources */ = {
			isa = PBXShellScriptBuildPhase;
			buildActionMask = 2147483647;
			files = (
			);
			inputPaths = (
			);
			name = "[CP] Copy Pods Resources";
			outputPaths = (
			);
			runOnlyForDeploymentPostprocessing = 0;
			shellPath = /bin/sh;
			shellScript = "\"${SRCROOT}/Pods/Target Support Files/Pods-Eureka FormUITests/Pods-Eureka FormUITests-resources.sh\"\n";
			showEnvVarsInLog = 0;
		};
/* End PBXShellScriptBuildPhase section */

/* Begin PBXSourcesBuildPhase section */
		A2C089321DDEBF1F00E82F58 /* Sources */ = {
			isa = PBXSourcesBuildPhase;
			buildActionMask = 2147483647;
			files = (
				A2C089741DDEE4D200E82F58 /* FloatLabelTextField.swift in Sources */,
				A2C0893C1DDEBF1F00E82F58 /* ViewController.swift in Sources */,
				A2C089681DDEC0DF00E82F58 /* SignUpFormViewController.swift in Sources */,
				A2C089731DDEE4D200E82F58 /* ImageRow.swift in Sources */,
				A2C089721DDEE4D200E82F58 /* ImagePickerController.swift in Sources */,
				A2C089711DDEE4D200E82F58 /* CustomCells.swift in Sources */,
				A2C0893A1DDEBF1F00E82F58 /* AppDelegate.swift in Sources */,
			);
			runOnlyForDeploymentPostprocessing = 0;
		};
		A2C089461DDEBF1F00E82F58 /* Sources */ = {
			isa = PBXSourcesBuildPhase;
			buildActionMask = 2147483647;
			files = (
				A2C0894F1DDEBF1F00E82F58 /* Eureka_FormTests.swift in Sources */,
			);
			runOnlyForDeploymentPostprocessing = 0;
		};
		A2C089511DDEBF1F00E82F58 /* Sources */ = {
			isa = PBXSourcesBuildPhase;
			buildActionMask = 2147483647;
			files = (
				A2C0895A1DDEBF1F00E82F58 /* Eureka_FormUITests.swift in Sources */,
			);
			runOnlyForDeploymentPostprocessing = 0;
		};
/* End PBXSourcesBuildPhase section */

/* Begin PBXTargetDependency section */
		A2C0894C1DDEBF1F00E82F58 /* PBXTargetDependency */ = {
			isa = PBXTargetDependency;
			target = A2C089351DDEBF1F00E82F58 /* Eureka Form */;
			targetProxy = A2C0894B1DDEBF1F00E82F58 /* PBXContainerItemProxy */;
		};
		A2C089571DDEBF1F00E82F58 /* PBXTargetDependency */ = {
			isa = PBXTargetDependency;
			target = A2C089351DDEBF1F00E82F58 /* Eureka Form */;
			targetProxy = A2C089561DDEBF1F00E82F58 /* PBXContainerItemProxy */;
		};
/* End PBXTargetDependency section */

/* Begin PBXVariantGroup section */
		A2C0893D1DDEBF1F00E82F58 /* Main.storyboard */ = {
			isa = PBXVariantGroup;
			children = (
				A2C0893E1DDEBF1F00E82F58 /* Base */,
			);
			name = Main.storyboard;
			sourceTree = "<group>";
		};
		A2C089421DDEBF1F00E82F58 /* LaunchScreen.storyboard */ = {
			isa = PBXVariantGroup;
			children = (
				A2C089431DDEBF1F00E82F58 /* Base */,
			);
			name = LaunchScreen.storyboard;
			sourceTree = "<group>";
		};
/* End PBXVariantGroup section */

/* Begin XCBuildConfiguration section */
		A2C0895C1DDEBF1F00E82F58 /* Debug */ = {
			isa = XCBuildConfiguration;
			buildSettings = {
				ALWAYS_SEARCH_USER_PATHS = NO;
				CLANG_ANALYZER_NONNULL = YES;
				CLANG_CXX_LANGUAGE_STANDARD = "gnu++0x";
				CLANG_CXX_LIBRARY = "libc++";
				CLANG_ENABLE_MODULES = YES;
				CLANG_ENABLE_OBJC_ARC = YES;
				CLANG_WARN_BOOL_CONVERSION = YES;
				CLANG_WARN_CONSTANT_CONVERSION = YES;
				CLANG_WARN_DIRECT_OBJC_ISA_USAGE = YES_ERROR;
				CLANG_WARN_DOCUMENTATION_COMMENTS = YES;
				CLANG_WARN_EMPTY_BODY = YES;
				CLANG_WARN_ENUM_CONVERSION = YES;
				CLANG_WARN_INFINITE_RECURSION = YES;
				CLANG_WARN_INT_CONVERSION = YES;
				CLANG_WARN_OBJC_ROOT_CLASS = YES_ERROR;
				CLANG_WARN_SUSPICIOUS_MOVES = YES;
				CLANG_WARN_UNREACHABLE_CODE = YES;
				CLANG_WARN__DUPLICATE_METHOD_MATCH = YES;
				"CODE_SIGN_IDENTITY[sdk=iphoneos*]" = "iPhone Developer";
				COPY_PHASE_STRIP = NO;
				DEBUG_INFORMATION_FORMAT = dwarf;
				ENABLE_STRICT_OBJC_MSGSEND = YES;
				ENABLE_TESTABILITY = YES;
				GCC_C_LANGUAGE_STANDARD = gnu99;
				GCC_DYNAMIC_NO_PIC = NO;
				GCC_NO_COMMON_BLOCKS = YES;
				GCC_OPTIMIZATION_LEVEL = 0;
				GCC_PREPROCESSOR_DEFINITIONS = (
					"DEBUG=1",
					"$(inherited)",
				);
				GCC_WARN_64_TO_32_BIT_CONVERSION = YES;
				GCC_WARN_ABOUT_RETURN_TYPE = YES_ERROR;
				GCC_WARN_UNDECLARED_SELECTOR = YES;
				GCC_WARN_UNINITIALIZED_AUTOS = YES_AGGRESSIVE;
				GCC_WARN_UNUSED_FUNCTION = YES;
				GCC_WARN_UNUSED_VARIABLE = YES;
				IPHONEOS_DEPLOYMENT_TARGET = 10.1;
				MTL_ENABLE_DEBUG_INFO = YES;
				ONLY_ACTIVE_ARCH = YES;
				SDKROOT = iphoneos;
				SWIFT_ACTIVE_COMPILATION_CONDITIONS = DEBUG;
				SWIFT_OPTIMIZATION_LEVEL = "-Onone";
				TARGETED_DEVICE_FAMILY = "1,2";
			};
			name = Debug;
		};
		A2C0895D1DDEBF1F00E82F58 /* Release */ = {
			isa = XCBuildConfiguration;
			buildSettings = {
				ALWAYS_SEARCH_USER_PATHS = NO;
				CLANG_ANALYZER_NONNULL = YES;
				CLANG_CXX_LANGUAGE_STANDARD = "gnu++0x";
				CLANG_CXX_LIBRARY = "libc++";
				CLANG_ENABLE_MODULES = YES;
				CLANG_ENABLE_OBJC_ARC = YES;
				CLANG_WARN_BOOL_CONVERSION = YES;
				CLANG_WARN_CONSTANT_CONVERSION = YES;
				CLANG_WARN_DIRECT_OBJC_ISA_USAGE = YES_ERROR;
				CLANG_WARN_DOCUMENTATION_COMMENTS = YES;
				CLANG_WARN_EMPTY_BODY = YES;
				CLANG_WARN_ENUM_CONVERSION = YES;
				CLANG_WARN_INFINITE_RECURSION = YES;
				CLANG_WARN_INT_CONVERSION = YES;
				CLANG_WARN_OBJC_ROOT_CLASS = YES_ERROR;
				CLANG_WARN_SUSPICIOUS_MOVES = YES;
				CLANG_WARN_UNREACHABLE_CODE = YES;
				CLANG_WARN__DUPLICATE_METHOD_MATCH = YES;
				"CODE_SIGN_IDENTITY[sdk=iphoneos*]" = "iPhone Developer";
				COPY_PHASE_STRIP = NO;
				DEBUG_INFORMATION_FORMAT = "dwarf-with-dsym";
				ENABLE_NS_ASSERTIONS = NO;
				ENABLE_STRICT_OBJC_MSGSEND = YES;
				GCC_C_LANGUAGE_STANDARD = gnu99;
				GCC_NO_COMMON_BLOCKS = YES;
				GCC_WARN_64_TO_32_BIT_CONVERSION = YES;
				GCC_WARN_ABOUT_RETURN_TYPE = YES_ERROR;
				GCC_WARN_UNDECLARED_SELECTOR = YES;
				GCC_WARN_UNINITIALIZED_AUTOS = YES_AGGRESSIVE;
				GCC_WARN_UNUSED_FUNCTION = YES;
				GCC_WARN_UNUSED_VARIABLE = YES;
				IPHONEOS_DEPLOYMENT_TARGET = 10.1;
				MTL_ENABLE_DEBUG_INFO = NO;
				SDKROOT = iphoneos;
				SWIFT_OPTIMIZATION_LEVEL = "-Owholemodule";
				TARGETED_DEVICE_FAMILY = "1,2";
				VALIDATE_PRODUCT = YES;
			};
			name = Release;
		};
		A2C0895F1DDEBF1F00E82F58 /* Debug */ = {
			isa = XCBuildConfiguration;
			baseConfigurationReference = AD524A6002EC12D5EDB073E1 /* Pods-Eureka Form.debug.xcconfig */;
			buildSettings = {
				ASSETCATALOG_COMPILER_APPICON_NAME = AppIcon;
				DEVELOPMENT_TEAM = PD6SC6JGLV;
				INFOPLIST_FILE = "Eureka Form/Info.plist";
				LD_RUNPATH_SEARCH_PATHS = "$(inherited) @executable_path/Frameworks";
				PRODUCT_BUNDLE_IDENTIFIER = "test.Eureka-Form";
				PRODUCT_NAME = "$(TARGET_NAME)";
				SWIFT_VERSION = 3.0;
			};
			name = Debug;
		};
		A2C089601DDEBF1F00E82F58 /* Release */ = {
			isa = XCBuildConfiguration;
			baseConfigurationReference = DFA52028FE6CD82041577FE1 /* Pods-Eureka Form.release.xcconfig */;
			buildSettings = {
				ASSETCATALOG_COMPILER_APPICON_NAME = AppIcon;
				DEVELOPMENT_TEAM = PD6SC6JGLV;
				INFOPLIST_FILE = "Eureka Form/Info.plist";
				LD_RUNPATH_SEARCH_PATHS = "$(inherited) @executable_path/Frameworks";
				PRODUCT_BUNDLE_IDENTIFIER = "test.Eureka-Form";
				PRODUCT_NAME = "$(TARGET_NAME)";
				SWIFT_VERSION = 3.0;
			};
			name = Release;
		};
		A2C089621DDEBF1F00E82F58 /* Debug */ = {
			isa = XCBuildConfiguration;
			baseConfigurationReference = B3ABAA3F380403F6F63E4E27 /* Pods-Eureka FormTests.debug.xcconfig */;
			buildSettings = {
				ALWAYS_EMBED_SWIFT_STANDARD_LIBRARIES = YES;
				BUNDLE_LOADER = "$(TEST_HOST)";
				INFOPLIST_FILE = "Eureka FormTests/Info.plist";
				LD_RUNPATH_SEARCH_PATHS = "$(inherited) @executable_path/Frameworks @loader_path/Frameworks";
				PRODUCT_BUNDLE_IDENTIFIER = "test.Eureka-FormTests";
				PRODUCT_NAME = "$(TARGET_NAME)";
				SWIFT_VERSION = 3.0;
				TEST_HOST = "$(BUILT_PRODUCTS_DIR)/Eureka Form.app/Eureka Form";
			};
			name = Debug;
		};
		A2C089631DDEBF1F00E82F58 /* Release */ = {
			isa = XCBuildConfiguration;
			baseConfigurationReference = 13AAA77E68B5356B16AEF773 /* Pods-Eureka FormTests.release.xcconfig */;
			buildSettings = {
				ALWAYS_EMBED_SWIFT_STANDARD_LIBRARIES = YES;
				BUNDLE_LOADER = "$(TEST_HOST)";
				INFOPLIST_FILE = "Eureka FormTests/Info.plist";
				LD_RUNPATH_SEARCH_PATHS = "$(inherited) @executable_path/Frameworks @loader_path/Frameworks";
				PRODUCT_BUNDLE_IDENTIFIER = "test.Eureka-FormTests";
				PRODUCT_NAME = "$(TARGET_NAME)";
				SWIFT_VERSION = 3.0;
				TEST_HOST = "$(BUILT_PRODUCTS_DIR)/Eureka Form.app/Eureka Form";
			};
			name = Release;
		};
		A2C089651DDEBF1F00E82F58 /* Debug */ = {
			isa = XCBuildConfiguration;
			baseConfigurationReference = 990895A68EE462DE8E4D58C6 /* Pods-Eureka FormUITests.debug.xcconfig */;
			buildSettings = {
				ALWAYS_EMBED_SWIFT_STANDARD_LIBRARIES = YES;
				INFOPLIST_FILE = "Eureka FormUITests/Info.plist";
				LD_RUNPATH_SEARCH_PATHS = "$(inherited) @executable_path/Frameworks @loader_path/Frameworks";
				PRODUCT_BUNDLE_IDENTIFIER = "test.Eureka-FormUITests";
				PRODUCT_NAME = "$(TARGET_NAME)";
				SWIFT_VERSION = 3.0;
				TEST_TARGET_NAME = "Eureka Form";
			};
			name = Debug;
		};
		A2C089661DDEBF1F00E82F58 /* Release */ = {
			isa = XCBuildConfiguration;
			baseConfigurationReference = A49A021FD88F592BCD647348 /* Pods-Eureka FormUITests.release.xcconfig */;
			buildSettings = {
				ALWAYS_EMBED_SWIFT_STANDARD_LIBRARIES = YES;
				INFOPLIST_FILE = "Eureka FormUITests/Info.plist";
				LD_RUNPATH_SEARCH_PATHS = "$(inherited) @executable_path/Frameworks @loader_path/Frameworks";
				PRODUCT_BUNDLE_IDENTIFIER = "test.Eureka-FormUITests";
				PRODUCT_NAME = "$(TARGET_NAME)";
				SWIFT_VERSION = 3.0;
				TEST_TARGET_NAME = "Eureka Form";
			};
			name = Release;
		};
/* End XCBuildConfiguration section */

/* Begin XCConfigurationList section */
		A2C089311DDEBF1F00E82F58 /* Build configuration list for PBXProject "Eureka Form" */ = {
			isa = XCConfigurationList;
			buildConfigurations = (
				A2C0895C1DDEBF1F00E82F58 /* Debug */,
				A2C0895D1DDEBF1F00E82F58 /* Release */,
			);
			defaultConfigurationIsVisible = 0;
			defaultConfigurationName = Release;
		};
		A2C0895E1DDEBF1F00E82F58 /* Build configuration list for PBXNativeTarget "Eureka Form" */ = {
			isa = XCConfigurationList;
			buildConfigurations = (
				A2C0895F1DDEBF1F00E82F58 /* Debug */,
				A2C089601DDEBF1F00E82F58 /* Release */,
			);
			defaultConfigurationIsVisible = 0;
			defaultConfigurationName = Release;
		};
		A2C089611DDEBF1F00E82F58 /* Build configuration list for PBXNativeTarget "Eureka FormTests" */ = {
			isa = XCConfigurationList;
			buildConfigurations = (
				A2C089621DDEBF1F00E82F58 /* Debug */,
				A2C089631DDEBF1F00E82F58 /* Release */,
			);
			defaultConfigurationIsVisible = 0;
			defaultConfigurationName = Release;
		};
		A2C089641DDEBF1F00E82F58 /* Build configuration list for PBXNativeTarget "Eureka FormUITests" */ = {
			isa = XCConfigurationList;
			buildConfigurations = (
				A2C089651DDEBF1F00E82F58 /* Debug */,
				A2C089661DDEBF1F00E82F58 /* Release */,
			);
			defaultConfigurationIsVisible = 0;
			defaultConfigurationName = Release;
		};
/* End XCConfigurationList section */
	};
	rootObject = A2C0892E1DDEBF1F00E82F58 /* Project object */;
}
